Microsoft Visual Studio Solution File, Format Version 12.00
# Visual Studio 15
VisualStudioVersion = 15.0.26430.14
MinimumVisualStudioVersion = 10.0.40219.1
Project("{FAE04EC0-301F-11D3-BF4B-00C04F79EFBC}") = "APIMATICCalculator.Standard", "APIMATICCalculator.Standard/APIMATICCalculator.Standard.csproj", "{0d6a7bb7-0b1e-4a2d-a946-babb5423d9b5}"
EndProject
Project("{FAE04EC0-301F-11D3-BF4B-00C04F79EFBC}") = "APIMATICCalculator.Tests", "APIMATICCalculator.Tests/APIMATICCalculator.Tests.csproj", "{486f3d49-182a-49e3-9f42-3c035e51f99d}"
EndProject
Global
    GlobalSection(SolutionConfigurationPlatforms) = preSolution
        Debug|Any CPU = Debug|Any CPU
        Release|Any CPU = Release|Any CPU
    EndGlobalSection
    GlobalSection(ProjectConfigurationPlatforms) = postSolution
        {0d6a7bb7-0b1e-4a2d-a946-babb5423d9b5}.Debug|Any CPU.ActiveCfg = Debug|Any CPU
        {0d6a7bb7-0b1e-4a2d-a946-babb5423d9b5}.Debug|Any CPU.Build.0 = Debug|Any CPU
        {0d6a7bb7-0b1e-4a2d-a946-babb5423d9b5}.Release|Any CPU.ActiveCfg = Release|Any CPU
        {0d6a7bb7-0b1e-4a2d-a946-babb5423d9b5}.Release|Any CPU.Build.0 = Release|Any CPU
        {486f3d49-182a-49e3-9f42-3c035e51f99d}.Debug|Any CPU.ActiveCfg = Debug|Any CPU
        {486f3d49-182a-49e3-9f42-3c035e51f99d}.Debug|Any CPU.Build.0 = Debug|Any CPU
        {486f3d49-182a-49e3-9f42-3c035e51f99d}.Release|Any CPU.ActiveCfg = Release|Any CPU
        {486f3d49-182a-49e3-9f42-3c035e51f99d}.Release|Any CPU.Build.0 = Release|Any CPU
    EndGlobalSection
    GlobalSection(SolutionProperties) = preSolution
        HideSolutionNode = FALSE
    EndGlobalSection
EndGlobal
