Microsoft Visual Studio Solution File, Format Version 12.00
# Visual Studio 15
VisualStudioVersion = 15.0.26430.14
MinimumVisualStudioVersion = 10.0.40219.1
Project("{FAE04EC0-301F-11D3-BF4B-00C04F79EFBC}") = "CoinGeckoAPIV3.Standard", "CoinGeckoAPIV3.Standard/CoinGeckoAPIV3.Standard.csproj", "{c588808f-8557-4662-9aab-5cefc473114f}"
EndProject
Project("{FAE04EC0-301F-11D3-BF4B-00C04F79EFBC}") = "CoinGeckoAPIV3.Tests", "CoinGeckoAPIV3.Tests/CoinGeckoAPIV3.Tests.csproj", "{f70740d2-1ce1-4d66-aafc-8e481636d9eb}"
EndProject
Global
    GlobalSection(SolutionConfigurationPlatforms) = preSolution
        Debug|Any CPU = Debug|Any CPU
        Release|Any CPU = Release|Any CPU
    EndGlobalSection
    GlobalSection(ProjectConfigurationPlatforms) = postSolution
        {c588808f-8557-4662-9aab-5cefc473114f}.Debug|Any CPU.ActiveCfg = Debug|Any CPU
        {c588808f-8557-4662-9aab-5cefc473114f}.Debug|Any CPU.Build.0 = Debug|Any CPU
        {c588808f-8557-4662-9aab-5cefc473114f}.Release|Any CPU.ActiveCfg = Release|Any CPU
        {c588808f-8557-4662-9aab-5cefc473114f}.Release|Any CPU.Build.0 = Release|Any CPU
        {f70740d2-1ce1-4d66-aafc-8e481636d9eb}.Debug|Any CPU.ActiveCfg = Debug|Any CPU
        {f70740d2-1ce1-4d66-aafc-8e481636d9eb}.Debug|Any CPU.Build.0 = Debug|Any CPU
        {f70740d2-1ce1-4d66-aafc-8e481636d9eb}.Release|Any CPU.ActiveCfg = Release|Any CPU
        {f70740d2-1ce1-4d66-aafc-8e481636d9eb}.Release|Any CPU.Build.0 = Release|Any CPU
    EndGlobalSection
    GlobalSection(SolutionProperties) = preSolution
        HideSolutionNode = FALSE
    EndGlobalSection
EndGlobal
